// !$*UTF8*$!
{
	archiveVersion = 1;
	classes = {
	};
	objectVersion = 55;
	objects = {

/* Begin PBXBuildFile section */
		0113CDB729998E51007F92EA /* DetailCell.swift in Sources */ = {isa = PBXBuildFile; fileRef = 0113CDB629998E51007F92EA /* DetailCell.swift */; };
		01426C8B29AC879500BFD360 /* Constants.swift in Sources */ = {isa = PBXBuildFile; fileRef = 01426C8A29AC879500BFD360 /* Constants.swift */; };
		015A35AD29AAAAE9006D1304 /* LiquorDetailViewController.swift in Sources */ = {isa = PBXBuildFile; fileRef = 015A35AC29AAAAE9006D1304 /* LiquorDetailViewController.swift */; };
		01834CE229AA4FF10004282B /* LiquorCell.swift in Sources */ = {isa = PBXBuildFile; fileRef = 01834CE129AA4FF10004282B /* LiquorCell.swift */; };
		01CA2F3F29973FBB00140256 /* SearchCell.swift in Sources */ = {isa = PBXBuildFile; fileRef = 01CA2F3E29973FBB00140256 /* SearchCell.swift */; };
		01CA2F41299928DC00140256 /* CacheManager.swift in Sources */ = {isa = PBXBuildFile; fileRef = 01CA2F40299928DC00140256 /* CacheManager.swift */; };
		01CA2F452999388A00140256 /* DetailViewController.swift in Sources */ = {isa = PBXBuildFile; fileRef = 01CA2F442999388A00140256 /* DetailViewController.swift */; };
		01E0FA7A29934C740055A71C /* AppDelegate.swift in Sources */ = {isa = PBXBuildFile; fileRef = 01E0FA7929934C740055A71C /* AppDelegate.swift */; };
		01E0FA7C29934C740055A71C /* SceneDelegate.swift in Sources */ = {isa = PBXBuildFile; fileRef = 01E0FA7B29934C740055A71C /* SceneDelegate.swift */; };
		01E0FA7E29934C740055A71C /* PopularViewController.swift in Sources */ = {isa = PBXBuildFile; fileRef = 01E0FA7D29934C740055A71C /* PopularViewController.swift */; };
		01E0FA8129934C740055A71C /* Main.storyboard in Resources */ = {isa = PBXBuildFile; fileRef = 01E0FA7F29934C740055A71C /* Main.storyboard */; };
		01E0FA8329934C740055A71C /* Assets.xcassets in Resources */ = {isa = PBXBuildFile; fileRef = 01E0FA8229934C740055A71C /* Assets.xcassets */; };
		01E0FA8629934C740055A71C /* LaunchScreen.storyboard in Resources */ = {isa = PBXBuildFile; fileRef = 01E0FA8429934C740055A71C /* LaunchScreen.storyboard */; };
		01E0FA9029934D8C0055A71C /* Cocktail.swift in Sources */ = {isa = PBXBuildFile; fileRef = 01E0FA8F29934D8C0055A71C /* Cocktail.swift */; };
		01E0FA9229934F130055A71C /* CocktailService.swift in Sources */ = {isa = PBXBuildFile; fileRef = 01E0FA9129934F130055A71C /* CocktailService.swift */; };
		01E0FA9429934F7A0055A71C /* CocktailModel.swift in Sources */ = {isa = PBXBuildFile; fileRef = 01E0FA9329934F7A0055A71C /* CocktailModel.swift */; };
		01E0FA972995B9A30055A71C /* LiquorViewController.swift in Sources */ = {isa = PBXBuildFile; fileRef = 01E0FA962995B9A30055A71C /* LiquorViewController.swift */; };
		01E0FA992995B9B70055A71C /* RandomViewController.swift in Sources */ = {isa = PBXBuildFile; fileRef = 01E0FA982995B9B70055A71C /* RandomViewController.swift */; };
		01E0FA9B2995B9C60055A71C /* SearchViewController.swift in Sources */ = {isa = PBXBuildFile; fileRef = 01E0FA9A2995B9C60055A71C /* SearchViewController.swift */; };
/* End PBXBuildFile section */

/* Begin PBXFileReference section */
		0113CDB629998E51007F92EA /* DetailCell.swift */ = {isa = PBXFileReference; lastKnownFileType = sourcecode.swift; path = DetailCell.swift; sourceTree = "<group>"; };
		01426C8A29AC879500BFD360 /* Constants.swift */ = {isa = PBXFileReference; lastKnownFileType = sourcecode.swift; path = Constants.swift; sourceTree = "<group>"; };
		015A35AC29AAAAE9006D1304 /* LiquorDetailViewController.swift */ = {isa = PBXFileReference; lastKnownFileType = sourcecode.swift; path = LiquorDetailViewController.swift; sourceTree = "<group>"; };
		01834CE129AA4FF10004282B /* LiquorCell.swift */ = {isa = PBXFileReference; lastKnownFileType = sourcecode.swift; path = LiquorCell.swift; sourceTree = "<group>"; };
		01CA2F3E29973FBB00140256 /* SearchCell.swift */ = {isa = PBXFileReference; lastKnownFileType = sourcecode.swift; path = SearchCell.swift; sourceTree = "<group>"; };
		01CA2F40299928DC00140256 /* CacheManager.swift */ = {isa = PBXFileReference; lastKnownFileType = sourcecode.swift; path = CacheManager.swift; sourceTree = "<group>"; };
		01CA2F442999388A00140256 /* DetailViewController.swift */ = {isa = PBXFileReference; lastKnownFileType = sourcecode.swift; path = DetailViewController.swift; sourceTree = "<group>"; };
		01E0FA7629934C740055A71C /* CocktailApp.app */ = {isa = PBXFileReference; explicitFileType = wrapper.application; includeInIndex = 0; path = CocktailApp.app; sourceTree = BUILT_PRODUCTS_DIR; };
		01E0FA7929934C740055A71C /* AppDelegate.swift */ = {isa = PBXFileReference; lastKnownFileType = sourcecode.swift; path = AppDelegate.swift; sourceTree = "<group>"; };
		01E0FA7B29934C740055A71C /* SceneDelegate.swift */ = {isa = PBXFileReference; lastKnownFileType = sourcecode.swift; path = SceneDelegate.swift; sourceTree = "<group>"; };
		01E0FA7D29934C740055A71C /* PopularViewController.swift */ = {isa = PBXFileReference; lastKnownFileType = sourcecode.swift; path = PopularViewController.swift; sourceTree = "<group>"; };
		01E0FA8029934C740055A71C /* Base */ = {isa = PBXFileReference; lastKnownFileType = file.storyboard; name = Base; path = Base.lproj/Main.storyboard; sourceTree = "<group>"; };
		01E0FA8229934C740055A71C /* Assets.xcassets */ = {isa = PBXFileReference; lastKnownFileType = folder.assetcatalog; path = Assets.xcassets; sourceTree = "<group>"; };
		01E0FA8529934C740055A71C /* Base */ = {isa = PBXFileReference; lastKnownFileType = file.storyboard; name = Base; path = Base.lproj/LaunchScreen.storyboard; sourceTree = "<group>"; };
		01E0FA8729934C740055A71C /* Info.plist */ = {isa = PBXFileReference; lastKnownFileType = text.plist.xml; path = Info.plist; sourceTree = "<group>"; };
		01E0FA8F29934D8C0055A71C /* Cocktail.swift */ = {isa = PBXFileReference; lastKnownFileType = sourcecode.swift; path = Cocktail.swift; sourceTree = "<group>"; };
		01E0FA9129934F130055A71C /* CocktailService.swift */ = {isa = PBXFileReference; lastKnownFileType = sourcecode.swift; path = CocktailService.swift; sourceTree = "<group>"; };
		01E0FA9329934F7A0055A71C /* CocktailModel.swift */ = {isa = PBXFileReference; lastKnownFileType = sourcecode.swift; path = CocktailModel.swift; sourceTree = "<group>"; };
		01E0FA962995B9A30055A71C /* LiquorViewController.swift */ = {isa = PBXFileReference; lastKnownFileType = sourcecode.swift; path = LiquorViewController.swift; sourceTree = "<group>"; };
		01E0FA982995B9B70055A71C /* RandomViewController.swift */ = {isa = PBXFileReference; lastKnownFileType = sourcecode.swift; path = RandomViewController.swift; sourceTree = "<group>"; };
		01E0FA9A2995B9C60055A71C /* SearchViewController.swift */ = {isa = PBXFileReference; lastKnownFileType = sourcecode.swift; path = SearchViewController.swift; sourceTree = "<group>"; };
/* End PBXFileReference section */

/* Begin PBXFrameworksBuildPhase section */
		01E0FA7329934C740055A71C /* Frameworks */ = {
			isa = PBXFrameworksBuildPhase;
			buildActionMask = 2147483647;
			files = (
			);
			runOnlyForDeploymentPostprocessing = 0;
		};
/* End PBXFrameworksBuildPhase section */

/* Begin PBXGroup section */
		01DBD2FE29A1CD41008E0829 /* CustomCells */ = {
			isa = PBXGroup;
			children = (
				01CA2F3E29973FBB00140256 /* SearchCell.swift */,
				0113CDB629998E51007F92EA /* DetailCell.swift */,
				01834CE129AA4FF10004282B /* LiquorCell.swift */,
			);
			path = CustomCells;
			sourceTree = "<group>";
		};
		01E0FA6D29934C740055A71C = {
			isa = PBXGroup;
			children = (
				01E0FA7829934C740055A71C /* The Cocktail Factory */,
				01E0FA7729934C740055A71C /* Products */,
			);
			sourceTree = "<group>";
		};
		01E0FA7729934C740055A71C /* Products */ = {
			isa = PBXGroup;
			children = (
				01E0FA7629934C740055A71C /* CocktailApp.app */,
			);
			name = Products;
			sourceTree = "<group>";
		};
		01E0FA7829934C740055A71C /* The Cocktail Factory */ = {
			isa = PBXGroup;
			children = (
				01E0FA9D2995BA6C0055A71C /* Models */,
				01E0FA9C2995BA510055A71C /* Storyboards */,
				01E0FA952995B97A0055A71C /* ViewControllers */,
				01DBD2FE29A1CD41008E0829 /* CustomCells */,
				01CA2F40299928DC00140256 /* CacheManager.swift */,
				01426C8A29AC879500BFD360 /* Constants.swift */,
				01E0FA7929934C740055A71C /* AppDelegate.swift */,
				01E0FA7B29934C740055A71C /* SceneDelegate.swift */,
				01E0FA8F29934D8C0055A71C /* Cocktail.swift */,
				01E0FA9129934F130055A71C /* CocktailService.swift */,
				01E0FA8229934C740055A71C /* Assets.xcassets */,
				01E0FA8729934C740055A71C /* Info.plist */,
			);
			path = "The Cocktail Factory";
			sourceTree = "<group>";
		};
		01E0FA952995B97A0055A71C /* ViewControllers */ = {
			isa = PBXGroup;
			children = (
				01E0FA7D29934C740055A71C /* PopularViewController.swift */,
				01E0FA962995B9A30055A71C /* LiquorViewController.swift */,
				01E0FA982995B9B70055A71C /* RandomViewController.swift */,
				01E0FA9A2995B9C60055A71C /* SearchViewController.swift */,
				01CA2F442999388A00140256 /* DetailViewController.swift */,
				015A35AC29AAAAE9006D1304 /* LiquorDetailViewController.swift */,
			);
			path = ViewControllers;
			sourceTree = "<group>";
		};
		01E0FA9C2995BA510055A71C /* Storyboards */ = {
			isa = PBXGroup;
			children = (
				01E0FA7F29934C740055A71C /* Main.storyboard */,
				01E0FA8429934C740055A71C /* LaunchScreen.storyboard */,
			);
			path = Storyboards;
			sourceTree = "<group>";
		};
		01E0FA9D2995BA6C0055A71C /* Models */ = {
			isa = PBXGroup;
			children = (
				01E0FA9329934F7A0055A71C /* CocktailModel.swift */,
			);
			path = Models;
			sourceTree = "<group>";
		};
/* End PBXGroup section */

/* Begin PBXNativeTarget section */
		01E0FA7529934C740055A71C /* CocktailApp */ = {
			isa = PBXNativeTarget;
			buildConfigurationList = 01E0FA8A29934C740055A71C /* Build configuration list for PBXNativeTarget "CocktailApp" */;
			buildPhases = (
				01E0FA7229934C740055A71C /* Sources */,
				01E0FA7329934C740055A71C /* Frameworks */,
				01E0FA7429934C740055A71C /* Resources */,
			);
			buildRules = (
			);
			dependencies = (
			);
			name = CocktailApp;
			productName = CocktailApp;
			productReference = 01E0FA7629934C740055A71C /* CocktailApp.app */;
			productType = "com.apple.product-type.application";
		};
/* End PBXNativeTarget section */

/* Begin PBXProject section */
		01E0FA6E29934C740055A71C /* Project object */ = {
			isa = PBXProject;
			attributes = {
				BuildIndependentTargetsInParallel = 1;
				LastSwiftUpdateCheck = 1340;
				LastUpgradeCheck = 1340;
				TargetAttributes = {
					01E0FA7529934C740055A71C = {
						CreatedOnToolsVersion = 13.4.1;
					};
				};
			};
			buildConfigurationList = 01E0FA7129934C740055A71C /* Build configuration list for PBXProject "The Cocktail Factory" */;
			compatibilityVersion = "Xcode 13.0";
			developmentRegion = en;
			hasScannedForEncodings = 0;
			knownRegions = (
				en,
				Base,
			);
			mainGroup = 01E0FA6D29934C740055A71C;
			productRefGroup = 01E0FA7729934C740055A71C /* Products */;
			projectDirPath = "";
			projectRoot = "";
			targets = (
				01E0FA7529934C740055A71C /* CocktailApp */,
			);
		};
/* End PBXProject section */

/* Begin PBXResourcesBuildPhase section */
		01E0FA7429934C740055A71C /* Resources */ = {
			isa = PBXResourcesBuildPhase;
			buildActionMask = 2147483647;
			files = (
				01E0FA8629934C740055A71C /* LaunchScreen.storyboard in Resources */,
				01E0FA8329934C740055A71C /* Assets.xcassets in Resources */,
				01E0FA8129934C740055A71C /* Main.storyboard in Resources */,
			);
			runOnlyForDeploymentPostprocessing = 0;
		};
/* End PBXResourcesBuildPhase section */

/* Begin PBXSourcesBuildPhase section */
		01E0FA7229934C740055A71C /* Sources */ = {
			isa = PBXSourcesBuildPhase;
			buildActionMask = 2147483647;
			files = (
				01E0FA7E29934C740055A71C /* PopularViewController.swift in Sources */,
				01426C8B29AC879500BFD360 /* Constants.swift in Sources */,
				01E0FA9429934F7A0055A71C /* CocktailModel.swift in Sources */,
				015A35AD29AAAAE9006D1304 /* LiquorDetailViewController.swift in Sources */,
				0113CDB729998E51007F92EA /* DetailCell.swift in Sources */,
				01E0FA7A29934C740055A71C /* AppDelegate.swift in Sources */,
				01E0FA9B2995B9C60055A71C /* SearchViewController.swift in Sources */,
				01834CE229AA4FF10004282B /* LiquorCell.swift in Sources */,
				01E0FA7C29934C740055A71C /* SceneDelegate.swift in Sources */,
				01E0FA9029934D8C0055A71C /* Cocktail.swift in Sources */,
				01CA2F41299928DC00140256 /* CacheManager.swift in Sources */,
				01CA2F452999388A00140256 /* DetailViewController.swift in Sources */,
				01E0FA992995B9B70055A71C /* RandomViewController.swift in Sources */,
				01E0FA972995B9A30055A71C /* LiquorViewController.swift in Sources */,
				01E0FA9229934F130055A71C /* CocktailService.swift in Sources */,
				01CA2F3F29973FBB00140256 /* SearchCell.swift in Sources */,
			);
			runOnlyForDeploymentPostprocessing = 0;
		};
/* End PBXSourcesBuildPhase section */

/* Begin PBXVariantGroup section */
		01E0FA7F29934C740055A71C /* Main.storyboard */ = {
			isa = PBXVariantGroup;
			children = (
				01E0FA8029934C740055A71C /* Base */,
			);
			name = Main.storyboard;
			sourceTree = "<group>";
		};
		01E0FA8429934C740055A71C /* LaunchScreen.storyboard */ = {
			isa = PBXVariantGroup;
			children = (
				01E0FA8529934C740055A71C /* Base */,
			);
			name = LaunchScreen.storyboard;
			sourceTree = "<group>";
		};
/* End PBXVariantGroup section */

/* Begin XCBuildConfiguration section */
		01E0FA8829934C740055A71C /* Debug */ = {
			isa = XCBuildConfiguration;
			buildSettings = {
				ALWAYS_SEARCH_USER_PATHS = NO;
				CLANG_ANALYZER_NONNULL = YES;
				CLANG_ANALYZER_NUMBER_OBJECT_CONVERSION = YES_AGGRESSIVE;
				CLANG_CXX_LANGUAGE_STANDARD = "gnu++17";
				CLANG_ENABLE_MODULES = YES;
				CLANG_ENABLE_OBJC_ARC = YES;
				CLANG_ENABLE_OBJC_WEAK = YES;
				CLANG_WARN_BLOCK_CAPTURE_AUTORELEASING = YES;
				CLANG_WARN_BOOL_CONVERSION = YES;
				CLANG_WARN_COMMA = YES;
				CLANG_WARN_CONSTANT_CONVERSION = YES;
				CLANG_WARN_DEPRECATED_OBJC_IMPLEMENTATIONS = YES;
				CLANG_WARN_DIRECT_OBJC_ISA_USAGE = YES_ERROR;
				CLANG_WARN_DOCUMENTATION_COMMENTS = YES;
				CLANG_WARN_EMPTY_BODY = YES;
				CLANG_WARN_ENUM_CONVERSION = YES;
				CLANG_WARN_INFINITE_RECURSION = YES;
				CLANG_WARN_INT_CONVERSION = YES;
				CLANG_WARN_NON_LITERAL_NULL_CONVERSION = YES;
				CLANG_WARN_OBJC_IMPLICIT_RETAIN_SELF = YES;
				CLANG_WARN_OBJC_LITERAL_CONVERSION = YES;
				CLANG_WARN_OBJC_ROOT_CLASS = YES_ERROR;
				CLANG_WARN_QUOTED_INCLUDE_IN_FRAMEWORK_HEADER = YES;
				CLANG_WARN_RANGE_LOOP_ANALYSIS = YES;
				CLANG_WARN_STRICT_PROTOTYPES = YES;
				CLANG_WARN_SUSPICIOUS_MOVE = YES;
				CLANG_WARN_UNGUARDED_AVAILABILITY = YES_AGGRESSIVE;
				CLANG_WARN_UNREACHABLE_CODE = YES;
				CLANG_WARN__DUPLICATE_METHOD_MATCH = YES;
				COPY_PHASE_STRIP = NO;
				DEBUG_INFORMATION_FORMAT = dwarf;
				ENABLE_STRICT_OBJC_MSGSEND = YES;
				ENABLE_TESTABILITY = YES;
				GCC_C_LANGUAGE_STANDARD = gnu11;
				GCC_DYNAMIC_NO_PIC = NO;
				GCC_NO_COMMON_BLOCKS = YES;
				GCC_OPTIMIZATION_LEVEL = 0;
				GCC_PREPROCESSOR_DEFINITIONS = (
					"DEBUG=1",
					"$(inherited)",
				);
				GCC_WARN_64_TO_32_BIT_CONVERSION = YES;
				GCC_WARN_ABOUT_RETURN_TYPE = YES_ERROR;
				GCC_WARN_UNDECLARED_SELECTOR = YES;
				GCC_WARN_UNINITIALIZED_AUTOS = YES_AGGRESSIVE;
				GCC_WARN_UNUSED_FUNCTION = YES;
				GCC_WARN_UNUSED_VARIABLE = YES;
				IPHONEOS_DEPLOYMENT_TARGET = 15.5;
				MTL_ENABLE_DEBUG_INFO = INCLUDE_SOURCE;
				MTL_FAST_MATH = YES;
				ONLY_ACTIVE_ARCH = YES;
				SDKROOT = iphoneos;
				SWIFT_ACTIVE_COMPILATION_CONDITIONS = DEBUG;
				SWIFT_OPTIMIZATION_LEVEL = "-Onone";
			};
			name = Debug;
		};
		01E0FA8929934C740055A71C /* Release */ = {
			isa = XCBuildConfiguration;
			buildSettings = {
				ALWAYS_SEARCH_USER_PATHS = NO;
				CLANG_ANALYZER_NONNULL = YES;
				CLANG_ANALYZER_NUMBER_OBJECT_CONVERSION = YES_AGGRESSIVE;
				CLANG_CXX_LANGUAGE_STANDARD = "gnu++17";
				CLANG_ENABLE_MODULES = YES;
				CLANG_ENABLE_OBJC_ARC = YES;
				CLANG_ENABLE_OBJC_WEAK = YES;
				CLANG_WARN_BLOCK_CAPTURE_AUTORELEASING = YES;
				CLANG_WARN_BOOL_CONVERSION = YES;
				CLANG_WARN_COMMA = YES;
				CLANG_WARN_CONSTANT_CONVERSION = YES;
				CLANG_WARN_DEPRECATED_OBJC_IMPLEMENTATIONS = YES;
				CLANG_WARN_DIRECT_OBJC_ISA_USAGE = YES_ERROR;
				CLANG_WARN_DOCUMENTATION_COMMENTS = YES;
				CLANG_WARN_EMPTY_BODY = YES;
				CLANG_WARN_ENUM_CONVERSION = YES;
				CLANG_WARN_INFINITE_RECURSION = YES;
				CLANG_WARN_INT_CONVERSION = YES;
				CLANG_WARN_NON_LITERAL_NULL_CONVERSION = YES;
				CLANG_WARN_OBJC_IMPLICIT_RETAIN_SELF = YES;
				CLANG_WARN_OBJC_LITERAL_CONVERSION = YES;
				CLANG_WARN_OBJC_ROOT_CLASS = YES_ERROR;
				CLANG_WARN_QUOTED_INCLUDE_IN_FRAMEWORK_HEADER = YES;
				CLANG_WARN_RANGE_LOOP_ANALYSIS = YES;
				CLANG_WARN_STRICT_PROTOTYPES = YES;
				CLANG_WARN_SUSPICIOUS_MOVE = YES;
				CLANG_WARN_UNGUARDED_AVAILABILITY = YES_AGGRESSIVE;
				CLANG_WARN_UNREACHABLE_CODE = YES;
				CLANG_WARN__DUPLICATE_METHOD_MATCH = YES;
				COPY_PHASE_STRIP = NO;
				DEBUG_INFORMATION_FORMAT = "dwarf-with-dsym";
				ENABLE_NS_ASSERTIONS = NO;
				ENABLE_STRICT_OBJC_MSGSEND = YES;
				GCC_C_LANGUAGE_STANDARD = gnu11;
				GCC_NO_COMMON_BLOCKS = YES;
				GCC_WARN_64_TO_32_BIT_CONVERSION = YES;
				GCC_WARN_ABOUT_RETURN_TYPE = YES_ERROR;
				GCC_WARN_UNDECLARED_SELECTOR = YES;
				GCC_WARN_UNINITIALIZED_AUTOS = YES_AGGRESSIVE;
				GCC_WARN_UNUSED_FUNCTION = YES;
				GCC_WARN_UNUSED_VARIABLE = YES;
				IPHONEOS_DEPLOYMENT_TARGET = 15.5;
				MTL_ENABLE_DEBUG_INFO = NO;
				MTL_FAST_MATH = YES;
				SDKROOT = iphoneos;
				SWIFT_COMPILATION_MODE = wholemodule;
				SWIFT_OPTIMIZATION_LEVEL = "-O";
				VALIDATE_PRODUCT = YES;
			};
			name = Release;
		};
		01E0FA8B29934C740055A71C /* Debug */ = {
			isa = XCBuildConfiguration;
			buildSettings = {
				ASSETCATALOG_COMPILER_APPICON_NAME = AppIcon;
				ASSETCATALOG_COMPILER_GLOBAL_ACCENT_COLOR_NAME = AccentColor;
				CODE_SIGN_IDENTITY = "Apple Development";
				CODE_SIGN_STYLE = Automatic;
				CURRENT_PROJECT_VERSION = 1;
				DEVELOPMENT_TEAM = MBFWV9M75A;
				GENERATE_INFOPLIST_FILE = YES;
				INFOPLIST_FILE = CocktailApp/Info.plist;
				INFOPLIST_KEY_UIApplicationSupportsIndirectInputEvents = YES;
				INFOPLIST_KEY_UILaunchStoryboardName = LaunchScreen;
				INFOPLIST_KEY_UIMainStoryboardFile = Main;
				INFOPLIST_KEY_UISupportedInterfaceOrientations = UIInterfaceOrientationPortrait;
				INFOPLIST_KEY_UISupportedInterfaceOrientations_iPad = "UIInterfaceOrientationLandscapeLeft UIInterfaceOrientationLandscapeRight UIInterfaceOrientationPortrait UIInterfaceOrientationPortraitUpsideDown";
				LD_RUNPATH_SEARCH_PATHS = (
					"$(inherited)",
					"@executable_path/Frameworks",
				);
				MARKETING_VERSION = 1.0;
				PRODUCT_BUNDLE_IDENTIFIER = com.dannybennett.CocktailApp;
				PRODUCT_NAME = "$(TARGET_NAME)";
				PROVISIONING_PROFILE_SPECIFIER = "";
				SWIFT_EMIT_LOC_STRINGS = YES;
				SWIFT_VERSION = 5.0;
				TARGETED_DEVICE_FAMILY = 1;
			};
			name = Debug;
		};
		01E0FA8C29934C740055A71C /* Release */ = {
			isa = XCBuildConfiguration;
			buildSettings = {
				ASSETCATALOG_COMPILER_APPICON_NAME = AppIcon;
				ASSETCATALOG_COMPILER_GLOBAL_ACCENT_COLOR_NAME = AccentColor;
				CODE_SIGN_IDENTITY = "Apple Development";
				CODE_SIGN_STYLE = Automatic;
				CURRENT_PROJECT_VERSION = 1;
				DEVELOPMENT_TEAM = MBFWV9M75A;
				GENERATE_INFOPLIST_FILE = YES;
				INFOPLIST_FILE = CocktailApp/Info.plist;
				INFOPLIST_KEY_UIApplicationSupportsIndirectInputEvents = YES;
				INFOPLIST_KEY_UILaunchStoryboardName = LaunchScreen;
				INFOPLIST_KEY_UIMainStoryboardFile = Main;
				INFOPLIST_KEY_UISupportedInterfaceOrientations = UIInterfaceOrientationPortrait;
				INFOPLIST_KEY_UISupportedInterfaceOrientations_iPad = "UIInterfaceOrientationLandscapeLeft UIInterfaceOrientationLandscapeRight UIInterfaceOrientationPortrait UIInterfaceOrientationPortraitUpsideDown";
				LD_RUNPATH_SEARCH_PATHS = (
					"$(inherited)",
					"@executable_path/Frameworks",
				);
				MARKETING_VERSION = 1.0;
				PRODUCT_BUNDLE_IDENTIFIER = com.dannybennett.CocktailApp;
				PRODUCT_NAME = "$(TARGET_NAME)";
				PROVISIONING_PROFILE_SPECIFIER = "";
				SWIFT_EMIT_LOC_STRINGS = YES;
				SWIFT_VERSION = 5.0;
				TARGETED_DEVICE_FAMILY = 1;
			};
			name = Release;
		};
/* End XCBuildConfiguration section */

/* Begin XCConfigurationList section */
		01E0FA7129934C740055A71C /* Build configuration list for PBXProject "The Cocktail Factory" */ = {
			isa = XCConfigurationList;
			buildConfigurations = (
				01E0FA8829934C740055A71C /* Debug */,
				01E0FA8929934C740055A71C /* Release */,
			);
			defaultConfigurationIsVisible = 0;
			defaultConfigurationName = Release;
		};
		01E0FA8A29934C740055A71C /* Build configuration list for PBXNativeTarget "CocktailApp" */ = {
			isa = XCConfigurationList;
			buildConfigurations = (
				01E0FA8B29934C740055A71C /* Debug */,
				01E0FA8C29934C740055A71C /* Release */,
			);
			defaultConfigurationIsVisible = 0;
			defaultConfigurationName = Release;
		};
/* End XCConfigurationList section */
	};
	rootObject = 01E0FA6E29934C740055A71C /* Project object */;
}
